{
  "nodes": {
    "nixpkgs": {
      "info": {
        "lastModified": 1591405459,
        "narHash": "sha256-0tmbRAZXK9I+gU5X2gmCGY6/fBC3eajLf1i+sNVHm1Q="
      },
      "locked": {
        "owner": "NixOS",
        "repo": "nixpkgs",
        "rev": "fe753a241f233f0e29368a068665b4a6604f12e6",
        "type": "github"
      },
      "original": {
        "id": "nixpkgs",
        "type": "indirect"
      }
    },
    "root": {
      "inputs": {
        "nixpkgs": "nixpkgs"
      }
    }
  },
  "root": "root",
  "version": 5
}
