{
  "nodes": {
    "nixpkgs": {
      "info": {
        "lastModified": 1592909346,
        "narHash": "sha256-9dBSx87HMC5ElAME3igxAt3av9ruyMEqG+gWVNvIt7g="
      },
      "locked": {
        "owner": "NixOS",
        "repo": "nixpkgs",
        "rev": "bf2425fb062437277e939cd8c0d950adfff18301",
        "type": "github"
      },
      "original": {
        "id": "nixpkgs",
        "type": "indirect"
      }
    },
    "pixelfed-src": {
      "flake": false,
      "info": {
        "lastModified": 1592722784,
        "narHash": "sha256-xZaCeC1GxST2m84g+8y4W7/+oX4lQtsuZtCARnCf4X8="
      },
      "locked": {
        "owner": "pixelfed",
        "repo": "pixelfed",
        "rev": "ffc106914ba33615a8e2bd978e1dc0667a80b682",
        "type": "github"
      },
      "original": {
        "owner": "pixelfed",
        "ref": "dev",
        "repo": "pixelfed",
        "type": "github"
      }
    },
    "root": {
      "inputs": {
        "nixpkgs": "nixpkgs",
        "pixelfed-src": "pixelfed-src"
      }
    }
  },
  "root": "root",
  "version": 5
}
